{
  "version": 4,
  "terraform_version": "1.8.3",
  "serial": 377,
  "lineage": "78e98354-b088-1607-1ce6-aa30cdc80195",
  "outputs": {
    "my_image_id": {
      "value": "fd8idq8k33m9hlj0huli",
      "type": "string"
    }
  },
  "resources": [
    {
      "mode": "data",
      "type": "yandex_compute_image",
      "name": "my_image",
      "provider": "provider[\"registry.terraform.io/yandex-cloud/yandex\"]",
      "instances": [
        {
          "schema_version": 0,
          "attributes": {
            "created_at": "2024-05-13T13:36:10Z",
            "description": "ubuntu 22.04 lts",
            "family": "ubuntu-2204-lts",
            "folder_id": "standard-images",
            "id": "fd8idq8k33m9hlj0huli",
            "image_id": "fd8idq8k33m9hlj0huli",
            "labels": {},
            "min_disk_size": 8,
            "name": "ubuntu-22-04-lts-v20240513",
            "os_type": "linux",
            "pooled": true,
            "product_ids": [
              "f2emlhb7a7kk94gsfotj"
            ],
            "size": 7,
            "status": "ready"
          },
          "sensitive_attributes": []
        }
      ]
    },
    {
      "mode": "managed",
      "type": "local_file",
      "name": "ansible_inventory",
      "provider": "provider[\"registry.terraform.io/hashicorp/local\"]",
      "instances": [
        {
          "schema_version": 0,
          "attributes": {
            "content": "[yandex]\n51.250.73.62\n\n",
            "content_base64": null,
            "content_base64sha256": "Wwc6/qOXVB3au0SSc4CL0N04AWLeuGECgrgkoOPY6AA=",
            "content_base64sha512": "qz6pAcVObj23lYDSSGDz5i8DgWJYEAZqtuzQ+G0/eSz9Upze+O8apuZrfqZo6QjjOE2J3c62MFYyQPIYmsN60w==",
            "content_md5": "169aadc129a9f2593b31a2bc00895b42",
            "content_sha1": "13862f36e3a40e815914eeca3a5bee5681b5b01e",
            "content_sha256": "5b073afea397541ddabb449273808bd0dd380162deb8610282b824a0e3d8e800",
            "content_sha512": "ab3ea901c54e6e3db79580d24860f3e62f0381625810066ab6ecd0f86d3f792cfd529cdef8ef1aa6e66b7ea668e908e3384d89ddceb630563240f2189ac37ad3",
            "directory_permission": "0777",
            "file_permission": "0777",
            "filename": "/home/rebrain/final/.infra/ansible/hosts.ini",
            "id": "13862f36e3a40e815914eeca3a5bee5681b5b01e",
            "sensitive_content": null,
            "source": null
          },
          "sensitive_attributes": [
            [
              {
                "type": "get_attr",
                "value": "sensitive_content"
              }
            ]
          ],
          "dependencies": [
            "data.yandex_compute_image.my_image",
            "yandex_compute_instance.final-vm"
          ]
        }
      ]
    },
    {
      "mode": "managed",
      "type": "terraform_data",
      "name": "ansible",
      "provider": "provider[\"terraform.io/builtin/terraform\"]",
      "instances": [
        {
          "schema_version": 0,
          "attributes": {
            "id": "042cdff3-1eff-c8cf-56fc-44938e89a1a7",
            "input": null,
            "output": null,
            "triggers_replace": null
          },
          "sensitive_attributes": [],
          "dependencies": [
            "data.yandex_compute_image.my_image",
            "local_file.ansible_inventory",
            "yandex_compute_instance.final-vm"
          ]
        }
      ]
    },
    {
      "mode": "managed",
      "type": "yandex_compute_instance",
      "name": "final-vm",
      "provider": "provider[\"registry.terraform.io/yandex-cloud/yandex\"]",
      "instances": [
        {
          "schema_version": 1,
          "attributes": {
            "allow_recreate": null,
            "allow_stopping_for_update": null,
            "boot_disk": [
              {
                "auto_delete": true,
                "device_name": "fhmbj8l5a32sasu90rk1",
                "disk_id": "fhmbj8l5a32sasu90rk1",
                "initialize_params": [
                  {
                    "block_size": 4096,
                    "description": "",
                    "image_id": "fd8idq8k33m9hlj0huli",
                    "name": "",
                    "size": 30,
                    "snapshot_id": "",
                    "type": "network-hdd"
                  }
                ],
                "mode": "READ_WRITE"
              }
            ],
            "created_at": "2024-05-24T16:14:04Z",
            "description": "",
            "filesystem": [],
            "folder_id": "b1gtv3uhmd1feqdajugp",
            "fqdn": "fhm7dhs56i475n5q3ioe.auto.internal",
            "gpu_cluster_id": "",
            "hostname": "",
            "id": "fhm7dhs56i475n5q3ioe",
            "labels": {
              "task_name": "final",
              "user_email": "meleemanhs@gmail.com"
            },
            "local_disk": [],
            "maintenance_grace_period": "",
            "maintenance_policy": null,
            "metadata": {
              "ssh-keys": "ubuntu:ssh-rsa AAAAB3NzaC1yc2EAAAADAQABAAABgQDdN8kGjraOJYk/4vx7gIUKkr6Jlrhilsa6lxS7h0jmr+r0P7nM0pkn/Rk4cvqzxtokkfCYNudtM+ds7hV12zMj279etKdBdxhtca4EzpmpHIH/g99KEMN8FmRGpCVn5yvzzdeX0KRRk5v2iCFoCRhUXj8qc2NDaPQ2Em4FU6YBWOHNHYjE0VTjO7joiHxeG3wsez04Wnt4+gJolUeW82EEYoWv4WFG09CzUYmnpKLgYY4HmzwItCrws9EcQf2Qw2kVhEW0bXGr6RdFPdxJEiwEKiDEIcJ0aZo3y3gzbpDt30xmKijdQVlr2IFnW5ZTscA3c2ouLVy/+bCcyNKjt6GXAFh+5iYOMIhXAIWGpyb6cUd2JYFdX91vbuQn4hjvzl9C45F22XkMKI+P7k0n646lkG9yFQPNiWH3P2510ljvMukFADevx6msaYlDpq5IPa6mQ7ogPxXh5+qwqTqFAmhSkIdBzdbzpw99MAMsxsUJMsx9lQK9o1eDD7T+Ezi2DGE= rebrain@s5f1145b3.fastvps-server.com\n"
            },
            "metadata_options": [
              {
                "aws_v1_http_endpoint": 1,
                "aws_v1_http_token": 2,
                "gce_http_endpoint": 1,
                "gce_http_token": 1
              }
            ],
            "name": "final",
            "network_acceleration_type": "standard",
            "network_interface": [
              {
                "dns_record": [],
                "index": 0,
                "ip_address": "10.128.0.35",
                "ipv4": true,
                "ipv6": false,
                "ipv6_address": "",
                "ipv6_dns_record": [],
                "mac_address": "d0:0d:76:c7:85:34",
                "nat": true,
                "nat_dns_record": [],
                "nat_ip_address": "51.250.73.62",
                "nat_ip_version": "IPV4",
                "security_group_ids": [],
                "subnet_id": "e9bdj20b0me9lqipttha"
              }
            ],
            "placement_policy": [
              {
                "host_affinity_rules": [],
                "placement_group_id": "",
                "placement_group_partition": 0
              }
            ],
            "platform_id": "standard-v1",
            "resources": [
              {
                "core_fraction": 5,
                "cores": 2,
                "gpus": 0,
                "memory": 4
              }
            ],
            "scheduling_policy": [
              {
                "preemptible": false
              }
            ],
            "secondary_disk": [],
            "service_account_id": "",
            "status": "running",
            "timeouts": null,
            "zone": "ru-central1-a"
          },
          "sensitive_attributes": [],
          "private": "eyJlMmJmYjczMC1lY2FhLTExZTYtOGY4OC0zNDM2M2JjN2M0YzAiOnsiY3JlYXRlIjozMDAwMDAwMDAwMDAsImRlbGV0ZSI6MzAwMDAwMDAwMDAwLCJ1cGRhdGUiOjMwMDAwMDAwMDAwMH0sInNjaGVtYV92ZXJzaW9uIjoiMSJ9",
          "dependencies": [
            "data.yandex_compute_image.my_image"
          ]
        }
      ]
    }
  ],
  "check_results": null
}
